PODS:
  - Flutter (1.0.0)
  - ipification_plugin (2.1.10):
    - Flutter

DEPENDENCIES:
  - Flutter (from `Flutter`)
  - ipification_plugin (from `.symlinks/plugins/ipification_plugin/ios`)

EXTERNAL SOURCES:
  Flutter:
    :path: Flutter
  ipification_plugin:
    :path: ".symlinks/plugins/ipification_plugin/ios"

SPEC CHECKSUMS:
  Flutter: cabc95a1d2626b1b06e7179b784ebcf0c0cde467
  ipification_plugin: e545ab65176b8ab3b93f3834622171adef9d04a5

PODFILE CHECKSUM: 0dbd5a87e0ace00c9610d2037ac22083a01f861d

COCOAPODS: 1.16.2
