PODS:
  - Flutter (1.0.0)
  - ip_sdk (1.8.0):
    - Flutter

DEPENDENCIES:
  - Flutter (from `Flutter`)
  - ip_sdk (from `.symlinks/plugins/ip_sdk/ios`)

EXTERNAL SOURCES:
  Flutter:
    :path: Flutter
  ip_sdk:
    :path: ".symlinks/plugins/ip_sdk/ios"

SPEC CHECKSUMS:
  Flutter: 50d75fe2f02b26cc09d224853bb45737f8b3214a
  ip_sdk: a762e97bb653564aa93bd4d1963988767c3d99d6

PODFILE CHECKSUM: aafe91acc616949ddb318b77800a7f51bffa2a4c

COCOAPODS: 1.11.2
